github.com/hvs-fasya/codility/binary-gap v0.0.0-20220519170124-1e1de951126f h1:tvpWsLZq3Pb3Pq8v9Rjdq90afFIUOS+wspkRawqOTmU=
github.com/hvs-fasya/codility/binary-gap v0.0.0-20220519170124-1e1de951126f/go.mod h1:GRYRth6ms9QebKfD/lsRcgxQD2wfyAuJX/oqZ+/Aff8=
github.com/hvs-fasya/codility/cyclic-rotation v0.0.0-20220519170124-1e1de951126f h1:BfcQIP3B6guoqYLXH8Zt6BAQlKceBoWABEtsZP/8VIY=
github.com/hvs-fasya/codility/cyclic-rotation v0.0.0-20220519170124-1e1de951126f/go.mod h1:M+voj+Tin3IBmVwhGNhEb2baUh9ALTemHr7HrlHRCyo=
